// !$*UTF8*$!
{
	archiveVersion = 1;
	classes = {
	};
	objectVersion = 46;
	objects = {

/* Begin PBXBuildFile section */
		19450D071DB9C39E00A1C4CC /* AppDelegate.swift in Sources */ = {isa = PBXBuildFile; fileRef = 19450D061DB9C39E00A1C4CC /* AppDelegate.swift */; };
		19450D091DB9C39E00A1C4CC /* ViewController.swift in Sources */ = {isa = PBXBuildFile; fileRef = 19450D081DB9C39E00A1C4CC /* ViewController.swift */; };
		19450D0C1DB9C39E00A1C4CC /* Main.storyboard in Resources */ = {isa = PBXBuildFile; fileRef = 19450D0A1DB9C39E00A1C4CC /* Main.storyboard */; };
		19450D0E1DB9C39E00A1C4CC /* Assets.xcassets in Resources */ = {isa = PBXBuildFile; fileRef = 19450D0D1DB9C39E00A1C4CC /* Assets.xcassets */; };
		19450D111DB9C39E00A1C4CC /* LaunchScreen.storyboard in Resources */ = {isa = PBXBuildFile; fileRef = 19450D0F1DB9C39E00A1C4CC /* LaunchScreen.storyboard */; };
		19450D1C1DB9C39E00A1C4CC /* sampleOmikujiTests.swift in Sources */ = {isa = PBXBuildFile; fileRef = 19450D1B1DB9C39E00A1C4CC /* sampleOmikujiTests.swift */; };
		19450D271DB9C39E00A1C4CC /* sampleOmikujiUITests.swift in Sources */ = {isa = PBXBuildFile; fileRef = 19450D261DB9C39E00A1C4CC /* sampleOmikujiUITests.swift */; };
/* End PBXBuildFile section */

/* Begin PBXContainerItemProxy section */
		19450D181DB9C39E00A1C4CC /* PBXContainerItemProxy */ = {
			isa = PBXContainerItemProxy;
			containerPortal = 19450CFB1DB9C39E00A1C4CC /* Project object */;
			proxyType = 1;
			remoteGlobalIDString = 19450D021DB9C39E00A1C4CC;
			remoteInfo = sampleOmikuji;
		};
		19450D231DB9C39E00A1C4CC /* PBXContainerItemProxy */ = {
			isa = PBXContainerItemProxy;
			containerPortal = 19450CFB1DB9C39E00A1C4CC /* Project object */;
			proxyType = 1;
			remoteGlobalIDString = 19450D021DB9C39E00A1C4CC;
			remoteInfo = sampleOmikuji;
		};
/* End PBXContainerItemProxy section */

/* Begin PBXFileReference section */
		19450D031DB9C39E00A1C4CC /* sampleOmikuji.app */ = {isa = PBXFileReference; explicitFileType = wrapper.application; includeInIndex = 0; path = sampleOmikuji.app; sourceTree = BUILT_PRODUCTS_DIR; };
		19450D061DB9C39E00A1C4CC /* AppDelegate.swift */ = {isa = PBXFileReference; lastKnownFileType = sourcecode.swift; path = AppDelegate.swift; sourceTree = "<group>"; };
		19450D081DB9C39E00A1C4CC /* ViewController.swift */ = {isa = PBXFileReference; lastKnownFileType = sourcecode.swift; path = ViewController.swift; sourceTree = "<group>"; };
		19450D0B1DB9C39E00A1C4CC /* Base */ = {isa = PBXFileReference; lastKnownFileType = file.storyboard; name = Base; path = Base.lproj/Main.storyboard; sourceTree = "<group>"; };
		19450D0D1DB9C39E00A1C4CC /* Assets.xcassets */ = {isa = PBXFileReference; lastKnownFileType = folder.assetcatalog; path = Assets.xcassets; sourceTree = "<group>"; };
		19450D101DB9C39E00A1C4CC /* Base */ = {isa = PBXFileReference; lastKnownFileType = file.storyboard; name = Base; path = Base.lproj/LaunchScreen.storyboard; sourceTree = "<group>"; };
		19450D121DB9C39E00A1C4CC /* Info.plist */ = {isa = PBXFileReference; lastKnownFileType = text.plist.xml; path = Info.plist; sourceTree = "<group>"; };
		19450D171DB9C39E00A1C4CC /* sampleOmikujiTests.xctest */ = {isa = PBXFileReference; explicitFileType = wrapper.cfbundle; includeInIndex = 0; path = sampleOmikujiTests.xctest; sourceTree = BUILT_PRODUCTS_DIR; };
		19450D1B1DB9C39E00A1C4CC /* sampleOmikujiTests.swift */ = {isa = PBXFileReference; lastKnownFileType = sourcecode.swift; path = sampleOmikujiTests.swift; sourceTree = "<group>"; };
		19450D1D1DB9C39E00A1C4CC /* Info.plist */ = {isa = PBXFileReference; lastKnownFileType = text.plist.xml; path = Info.plist; sourceTree = "<group>"; };
		19450D221DB9C39E00A1C4CC /* sampleOmikujiUITests.xctest */ = {isa = PBXFileReference; explicitFileType = wrapper.cfbundle; includeInIndex = 0; path = sampleOmikujiUITests.xctest; sourceTree = BUILT_PRODUCTS_DIR; };
		19450D261DB9C39E00A1C4CC /* sampleOmikujiUITests.swift */ = {isa = PBXFileReference; lastKnownFileType = sourcecode.swift; path = sampleOmikujiUITests.swift; sourceTree = "<group>"; };
		19450D281DB9C39E00A1C4CC /* Info.plist */ = {isa = PBXFileReference; lastKnownFileType = text.plist.xml; path = Info.plist; sourceTree = "<group>"; };
/* End PBXFileReference section */

/* Begin PBXFrameworksBuildPhase section */
		19450D001DB9C39E00A1C4CC /* Frameworks */ = {
			isa = PBXFrameworksBuildPhase;
			buildActionMask = 2147483647;
			files = (
			);
			runOnlyForDeploymentPostprocessing = 0;
		};
		19450D141DB9C39E00A1C4CC /* Frameworks */ = {
			isa = PBXFrameworksBuildPhase;
			buildActionMask = 2147483647;
			files = (
			);
			runOnlyForDeploymentPostprocessing = 0;
		};
		19450D1F1DB9C39E00A1C4CC /* Frameworks */ = {
			isa = PBXFrameworksBuildPhase;
			buildActionMask = 2147483647;
			files = (
			);
			runOnlyForDeploymentPostprocessing = 0;
		};
/* End PBXFrameworksBuildPhase section */

/* Begin PBXGroup section */
		19450CFA1DB9C39E00A1C4CC = {
			isa = PBXGroup;
			children = (
				19450D051DB9C39E00A1C4CC /* sampleOmikuji */,
				19450D1A1DB9C39E00A1C4CC /* sampleOmikujiTests */,
				19450D251DB9C39E00A1C4CC /* sampleOmikujiUITests */,
				19450D041DB9C39E00A1C4CC /* Products */,
			);
			sourceTree = "<group>";
		};
		19450D041DB9C39E00A1C4CC /* Products */ = {
			isa = PBXGroup;
			children = (
				19450D031DB9C39E00A1C4CC /* sampleOmikuji.app */,
				19450D171DB9C39E00A1C4CC /* sampleOmikujiTests.xctest */,
				19450D221DB9C39E00A1C4CC /* sampleOmikujiUITests.xctest */,
			);
			name = Products;
			sourceTree = "<group>";
		};
		19450D051DB9C39E00A1C4CC /* sampleOmikuji */ = {
			isa = PBXGroup;
			children = (
				19450D061DB9C39E00A1C4CC /* AppDelegate.swift */,
				19450D081DB9C39E00A1C4CC /* ViewController.swift */,
				19450D0A1DB9C39E00A1C4CC /* Main.storyboard */,
				19450D0D1DB9C39E00A1C4CC /* Assets.xcassets */,
				19450D0F1DB9C39E00A1C4CC /* LaunchScreen.storyboard */,
				19450D121DB9C39E00A1C4CC /* Info.plist */,
			);
			path = sampleOmikuji;
			sourceTree = "<group>";
		};
		19450D1A1DB9C39E00A1C4CC /* sampleOmikujiTests */ = {
			isa = PBXGroup;
			children = (
				19450D1B1DB9C39E00A1C4CC /* sampleOmikujiTests.swift */,
				19450D1D1DB9C39E00A1C4CC /* Info.plist */,
			);
			path = sampleOmikujiTests;
			sourceTree = "<group>";
		};
		19450D251DB9C39E00A1C4CC /* sampleOmikujiUITests */ = {
			isa = PBXGroup;
			children = (
				19450D261DB9C39E00A1C4CC /* sampleOmikujiUITests.swift */,
				19450D281DB9C39E00A1C4CC /* Info.plist */,
			);
			path = sampleOmikujiUITests;
			sourceTree = "<group>";
		};
/* End PBXGroup section */

/* Begin PBXNativeTarget section */
		19450D021DB9C39E00A1C4CC /* sampleOmikuji */ = {
			isa = PBXNativeTarget;
			buildConfigurationList = 19450D2B1DB9C39E00A1C4CC /* Build configuration list for PBXNativeTarget "sampleOmikuji" */;
			buildPhases = (
				19450CFF1DB9C39E00A1C4CC /* Sources */,
				19450D001DB9C39E00A1C4CC /* Frameworks */,
				19450D011DB9C39E00A1C4CC /* Resources */,
			);
			buildRules = (
			);
			dependencies = (
			);
			name = sampleOmikuji;
			productName = sampleOmikuji;
			productReference = 19450D031DB9C39E00A1C4CC /* sampleOmikuji.app */;
			productType = "com.apple.product-type.application";
		};
		19450D161DB9C39E00A1C4CC /* sampleOmikujiTests */ = {
			isa = PBXNativeTarget;
			buildConfigurationList = 19450D2E1DB9C39E00A1C4CC /* Build configuration list for PBXNativeTarget "sampleOmikujiTests" */;
			buildPhases = (
				19450D131DB9C39E00A1C4CC /* Sources */,
				19450D141DB9C39E00A1C4CC /* Frameworks */,
				19450D151DB9C39E00A1C4CC /* Resources */,
			);
			buildRules = (
			);
			dependencies = (
				19450D191DB9C39E00A1C4CC /* PBXTargetDependency */,
			);
			name = sampleOmikujiTests;
			productName = sampleOmikujiTests;
			productReference = 19450D171DB9C39E00A1C4CC /* sampleOmikujiTests.xctest */;
			productType = "com.apple.product-type.bundle.unit-test";
		};
		19450D211DB9C39E00A1C4CC /* sampleOmikujiUITests */ = {
			isa = PBXNativeTarget;
			buildConfigurationList = 19450D311DB9C39E00A1C4CC /* Build configuration list for PBXNativeTarget "sampleOmikujiUITests" */;
			buildPhases = (
				19450D1E1DB9C39E00A1C4CC /* Sources */,
				19450D1F1DB9C39E00A1C4CC /* Frameworks */,
				19450D201DB9C39E00A1C4CC /* Resources */,
			);
			buildRules = (
			);
			dependencies = (
				19450D241DB9C39E00A1C4CC /* PBXTargetDependency */,
			);
			name = sampleOmikujiUITests;
			productName = sampleOmikujiUITests;
			productReference = 19450D221DB9C39E00A1C4CC /* sampleOmikujiUITests.xctest */;
			productType = "com.apple.product-type.bundle.ui-testing";
		};
/* End PBXNativeTarget section */

/* Begin PBXProject section */
		19450CFB1DB9C39E00A1C4CC /* Project object */ = {
			isa = PBXProject;
			attributes = {
				LastSwiftUpdateCheck = 0800;
				LastUpgradeCheck = 0800;
				ORGANIZATIONNAME = "Eriko Ichinohe";
				TargetAttributes = {
					19450D021DB9C39E00A1C4CC = {
						CreatedOnToolsVersion = 8.0;
						DevelopmentTeam = NF6KLZDSZ2;
						ProvisioningStyle = Automatic;
					};
					19450D161DB9C39E00A1C4CC = {
						CreatedOnToolsVersion = 8.0;
						DevelopmentTeam = NF6KLZDSZ2;
						ProvisioningStyle = Automatic;
						TestTargetID = 19450D021DB9C39E00A1C4CC;
					};
					19450D211DB9C39E00A1C4CC = {
						CreatedOnToolsVersion = 8.0;
						DevelopmentTeam = NF6KLZDSZ2;
						ProvisioningStyle = Automatic;
						TestTargetID = 19450D021DB9C39E00A1C4CC;
					};
				};
			};
			buildConfigurationList = 19450CFE1DB9C39E00A1C4CC /* Build configuration list for PBXProject "sampleOmikuji" */;
			compatibilityVersion = "Xcode 3.2";
			developmentRegion = English;
			hasScannedForEncodings = 0;
			knownRegions = (
				en,
				Base,
			);
			mainGroup = 19450CFA1DB9C39E00A1C4CC;
			productRefGroup = 19450D041DB9C39E00A1C4CC /* Products */;
			projectDirPath = "";
			projectRoot = "";
			targets = (
				19450D021DB9C39E00A1C4CC /* sampleOmikuji */,
				19450D161DB9C39E00A1C4CC /* sampleOmikujiTests */,
				19450D211DB9C39E00A1C4CC /* sampleOmikujiUITests */,
			);
		};
/* End PBXProject section */

/* Begin PBXResourcesBuildPhase section */
		19450D011DB9C39E00A1C4CC /* Resources */ = {
			isa = PBXResourcesBuildPhase;
			buildActionMask = 2147483647;
			files = (
				19450D111DB9C39E00A1C4CC /* LaunchScreen.storyboard in Resources */,
				19450D0E1DB9C39E00A1C4CC /* Assets.xcassets in Resources */,
				19450D0C1DB9C39E00A1C4CC /* Main.storyboard in Resources */,
			);
			runOnlyForDeploymentPostprocessing = 0;
		};
		19450D151DB9C39E00A1C4CC /* Resources */ = {
			isa = PBXResourcesBuildPhase;
			buildActionMask = 2147483647;
			files = (
			);
			runOnlyForDeploymentPostprocessing = 0;
		};
		19450D201DB9C39E00A1C4CC /* Resources */ = {
			isa = PBXResourcesBuildPhase;
			buildActionMask = 2147483647;
			files = (
			);
			runOnlyForDeploymentPostprocessing = 0;
		};
/* End PBXResourcesBuildPhase section */

/* Begin PBXSourcesBuildPhase section */
		19450CFF1DB9C39E00A1C4CC /* Sources */ = {
			isa = PBXSourcesBuildPhase;
			buildActionMask = 2147483647;
			files = (
				19450D091DB9C39E00A1C4CC /* ViewController.swift in Sources */,
				19450D071DB9C39E00A1C4CC /* AppDelegate.swift in Sources */,
			);
			runOnlyForDeploymentPostprocessing = 0;
		};
		19450D131DB9C39E00A1C4CC /* Sources */ = {
			isa = PBXSourcesBuildPhase;
			buildActionMask = 2147483647;
			files = (
				19450D1C1DB9C39E00A1C4CC /* sampleOmikujiTests.swift in Sources */,
			);
			runOnlyForDeploymentPostprocessing = 0;
		};
		19450D1E1DB9C39E00A1C4CC /* Sources */ = {
			isa = PBXSourcesBuildPhase;
			buildActionMask = 2147483647;
			files = (
				19450D271DB9C39E00A1C4CC /* sampleOmikujiUITests.swift in Sources */,
			);
			runOnlyForDeploymentPostprocessing = 0;
		};
/* End PBXSourcesBuildPhase section */

/* Begin PBXTargetDependency section */
		19450D191DB9C39E00A1C4CC /* PBXTargetDependency */ = {
			isa = PBXTargetDependency;
			target = 19450D021DB9C39E00A1C4CC /* sampleOmikuji */;
			targetProxy = 19450D181DB9C39E00A1C4CC /* PBXContainerItemProxy */;
		};
		19450D241DB9C39E00A1C4CC /* PBXTargetDependency */ = {
			isa = PBXTargetDependency;
			target = 19450D021DB9C39E00A1C4CC /* sampleOmikuji */;
			targetProxy = 19450D231DB9C39E00A1C4CC /* PBXContainerItemProxy */;
		};
/* End PBXTargetDependency section */

/* Begin PBXVariantGroup section */
		19450D0A1DB9C39E00A1C4CC /* Main.storyboard */ = {
			isa = PBXVariantGroup;
			children = (
				19450D0B1DB9C39E00A1C4CC /* Base */,
			);
			name = Main.storyboard;
			sourceTree = "<group>";
		};
		19450D0F1DB9C39E00A1C4CC /* LaunchScreen.storyboard */ = {
			isa = PBXVariantGroup;
			children = (
				19450D101DB9C39E00A1C4CC /* Base */,
			);
			name = LaunchScreen.storyboard;
			sourceTree = "<group>";
		};
/* End PBXVariantGroup section */

/* Begin XCBuildConfiguration section */
		19450D291DB9C39E00A1C4CC /* Debug */ = {
			isa = XCBuildConfiguration;
			buildSettings = {
				ALWAYS_SEARCH_USER_PATHS = NO;
				CLANG_ANALYZER_NONNULL = YES;
				CLANG_CXX_LANGUAGE_STANDARD = "gnu++0x";
				CLANG_CXX_LIBRARY = "libc++";
				CLANG_ENABLE_MODULES = YES;
				CLANG_ENABLE_OBJC_ARC = YES;
				CLANG_WARN_BOOL_CONVERSION = YES;
				CLANG_WARN_CONSTANT_CONVERSION = YES;
				CLANG_WARN_DIRECT_OBJC_ISA_USAGE = YES_ERROR;
				CLANG_WARN_DOCUMENTATION_COMMENTS = YES;
				CLANG_WARN_EMPTY_BODY = YES;
				CLANG_WARN_ENUM_CONVERSION = YES;
				CLANG_WARN_INFINITE_RECURSION = YES;
				CLANG_WARN_INT_CONVERSION = YES;
				CLANG_WARN_OBJC_ROOT_CLASS = YES_ERROR;
				CLANG_WARN_SUSPICIOUS_MOVES = YES;
				CLANG_WARN_UNREACHABLE_CODE = YES;
				CLANG_WARN__DUPLICATE_METHOD_MATCH = YES;
				"CODE_SIGN_IDENTITY[sdk=iphoneos*]" = "iPhone Developer";
				COPY_PHASE_STRIP = NO;
				DEBUG_INFORMATION_FORMAT = dwarf;
				ENABLE_STRICT_OBJC_MSGSEND = YES;
				ENABLE_TESTABILITY = YES;
				GCC_C_LANGUAGE_STANDARD = gnu99;
				GCC_DYNAMIC_NO_PIC = NO;
				GCC_NO_COMMON_BLOCKS = YES;
				GCC_OPTIMIZATION_LEVEL = 0;
				GCC_PREPROCESSOR_DEFINITIONS = (
					"DEBUG=1",
					"$(inherited)",
				);
				GCC_WARN_64_TO_32_BIT_CONVERSION = YES;
				GCC_WARN_ABOUT_RETURN_TYPE = YES_ERROR;
				GCC_WARN_UNDECLARED_SELECTOR = YES;
				GCC_WARN_UNINITIALIZED_AUTOS = YES_AGGRESSIVE;
				GCC_WARN_UNUSED_FUNCTION = YES;
				GCC_WARN_UNUSED_VARIABLE = YES;
				IPHONEOS_DEPLOYMENT_TARGET = 10.0;
				MTL_ENABLE_DEBUG_INFO = YES;
				ONLY_ACTIVE_ARCH = YES;
				SDKROOT = iphoneos;
				SWIFT_ACTIVE_COMPILATION_CONDITIONS = DEBUG;
				SWIFT_OPTIMIZATION_LEVEL = "-Onone";
				TARGETED_DEVICE_FAMILY = "1,2";
			};
			name = Debug;
		};
		19450D2A1DB9C39E00A1C4CC /* Release */ = {
			isa = XCBuildConfiguration;
			buildSettings = {
				ALWAYS_SEARCH_USER_PATHS = NO;
				CLANG_ANALYZER_NONNULL = YES;
				CLANG_CXX_LANGUAGE_STANDARD = "gnu++0x";
				CLANG_CXX_LIBRARY = "libc++";
				CLANG_ENABLE_MODULES = YES;
				CLANG_ENABLE_OBJC_ARC = YES;
				CLANG_WARN_BOOL_CONVERSION = YES;
				CLANG_WARN_CONSTANT_CONVERSION = YES;
				CLANG_WARN_DIRECT_OBJC_ISA_USAGE = YES_ERROR;
				CLANG_WARN_DOCUMENTATION_COMMENTS = YES;
				CLANG_WARN_EMPTY_BODY = YES;
				CLANG_WARN_ENUM_CONVERSION = YES;
				CLANG_WARN_INFINITE_RECURSION = YES;
				CLANG_WARN_INT_CONVERSION = YES;
				CLANG_WARN_OBJC_ROOT_CLASS = YES_ERROR;
				CLANG_WARN_SUSPICIOUS_MOVES = YES;
				CLANG_WARN_UNREACHABLE_CODE = YES;
				CLANG_WARN__DUPLICATE_METHOD_MATCH = YES;
				"CODE_SIGN_IDENTITY[sdk=iphoneos*]" = "iPhone Developer";
				COPY_PHASE_STRIP = NO;
				DEBUG_INFORMATION_FORMAT = "dwarf-with-dsym";
				ENABLE_NS_ASSERTIONS = NO;
				ENABLE_STRICT_OBJC_MSGSEND = YES;
				GCC_C_LANGUAGE_STANDARD = gnu99;
				GCC_NO_COMMON_BLOCKS = YES;
				GCC_WARN_64_TO_32_BIT_CONVERSION = YES;
				GCC_WARN_ABOUT_RETURN_TYPE = YES_ERROR;
				GCC_WARN_UNDECLARED_SELECTOR = YES;
				GCC_WARN_UNINITIALIZED_AUTOS = YES_AGGRESSIVE;
				GCC_WARN_UNUSED_FUNCTION = YES;
				GCC_WARN_UNUSED_VARIABLE = YES;
				IPHONEOS_DEPLOYMENT_TARGET = 10.0;
				MTL_ENABLE_DEBUG_INFO = NO;
				SDKROOT = iphoneos;
				SWIFT_OPTIMIZATION_LEVEL = "-Owholemodule";
				TARGETED_DEVICE_FAMILY = "1,2";
				VALIDATE_PRODUCT = YES;
			};
			name = Release;
		};
		19450D2C1DB9C39E00A1C4CC /* Debug */ = {
			isa = XCBuildConfiguration;
			buildSettings = {
				ASSETCATALOG_COMPILER_APPICON_NAME = AppIcon;
				DEVELOPMENT_TEAM = NF6KLZDSZ2;
				INFOPLIST_FILE = sampleOmikuji/Info.plist;
				LD_RUNPATH_SEARCH_PATHS = "$(inherited) @executable_path/Frameworks";
				PRODUCT_BUNDLE_IDENTIFIER = com.erikoichinohe.sampleOmikuji;
				PRODUCT_NAME = "$(TARGET_NAME)";
				SWIFT_VERSION = 3.0;
			};
			name = Debug;
		};
		19450D2D1DB9C39E00A1C4CC /* Release */ = {
			isa = XCBuildConfiguration;
			buildSettings = {
				ASSETCATALOG_COMPILER_APPICON_NAME = AppIcon;
				DEVELOPMENT_TEAM = NF6KLZDSZ2;
				INFOPLIST_FILE = sampleOmikuji/Info.plist;
				LD_RUNPATH_SEARCH_PATHS = "$(inherited) @executable_path/Frameworks";
				PRODUCT_BUNDLE_IDENTIFIER = com.erikoichinohe.sampleOmikuji;
				PRODUCT_NAME = "$(TARGET_NAME)";
				SWIFT_VERSION = 3.0;
			};
			name = Release;
		};
		19450D2F1DB9C39E00A1C4CC /* Debug */ = {
			isa = XCBuildConfiguration;
			buildSettings = {
				ALWAYS_EMBED_SWIFT_STANDARD_LIBRARIES = YES;
				BUNDLE_LOADER = "$(TEST_HOST)";
				DEVELOPMENT_TEAM = NF6KLZDSZ2;
				INFOPLIST_FILE = sampleOmikujiTests/Info.plist;
				LD_RUNPATH_SEARCH_PATHS = "$(inherited) @executable_path/Frameworks @loader_path/Frameworks";
				PRODUCT_BUNDLE_IDENTIFIER = com.erikoichinohe.sampleOmikujiTests;
				PRODUCT_NAME = "$(TARGET_NAME)";
				SWIFT_VERSION = 3.0;
				TEST_HOST = "$(BUILT_PRODUCTS_DIR)/sampleOmikuji.app/sampleOmikuji";
			};
			name = Debug;
		};
		19450D301DB9C39E00A1C4CC /* Release */ = {
			isa = XCBuildConfiguration;
			buildSettings = {
				ALWAYS_EMBED_SWIFT_STANDARD_LIBRARIES = YES;
				BUNDLE_LOADER = "$(TEST_HOST)";
				DEVELOPMENT_TEAM = NF6KLZDSZ2;
				INFOPLIST_FILE = sampleOmikujiTests/Info.plist;
				LD_RUNPATH_SEARCH_PATHS = "$(inherited) @executable_path/Frameworks @loader_path/Frameworks";
				PRODUCT_BUNDLE_IDENTIFIER = com.erikoichinohe.sampleOmikujiTests;
				PRODUCT_NAME = "$(TARGET_NAME)";
				SWIFT_VERSION = 3.0;
				TEST_HOST = "$(BUILT_PRODUCTS_DIR)/sampleOmikuji.app/sampleOmikuji";
			};
			name = Release;
		};
		19450D321DB9C39E00A1C4CC /* Debug */ = {
			isa = XCBuildConfiguration;
			buildSettings = {
				ALWAYS_EMBED_SWIFT_STANDARD_LIBRARIES = YES;
				DEVELOPMENT_TEAM = NF6KLZDSZ2;
				INFOPLIST_FILE = sampleOmikujiUITests/Info.plist;
				LD_RUNPATH_SEARCH_PATHS = "$(inherited) @executable_path/Frameworks @loader_path/Frameworks";
				PRODUCT_BUNDLE_IDENTIFIER = com.erikoichinohe.sampleOmikujiUITests;
				PRODUCT_NAME = "$(TARGET_NAME)";
				SWIFT_VERSION = 3.0;
				TEST_TARGET_NAME = sampleOmikuji;
			};
			name = Debug;
		};
		19450D331DB9C39E00A1C4CC /* Release */ = {
			isa = XCBuildConfiguration;
			buildSettings = {
				ALWAYS_EMBED_SWIFT_STANDARD_LIBRARIES = YES;
				DEVELOPMENT_TEAM = NF6KLZDSZ2;
				INFOPLIST_FILE = sampleOmikujiUITests/Info.plist;
				LD_RUNPATH_SEARCH_PATHS = "$(inherited) @executable_path/Frameworks @loader_path/Frameworks";
				PRODUCT_BUNDLE_IDENTIFIER = com.erikoichinohe.sampleOmikujiUITests;
				PRODUCT_NAME = "$(TARGET_NAME)";
				SWIFT_VERSION = 3.0;
				TEST_TARGET_NAME = sampleOmikuji;
			};
			name = Release;
		};
/* End XCBuildConfiguration section */

/* Begin XCConfigurationList section */
		19450CFE1DB9C39E00A1C4CC /* Build configuration list for PBXProject "sampleOmikuji" */ = {
			isa = XCConfigurationList;
			buildConfigurations = (
				19450D291DB9C39E00A1C4CC /* Debug */,
				19450D2A1DB9C39E00A1C4CC /* Release */,
			);
			defaultConfigurationIsVisible = 0;
			defaultConfigurationName = Release;
		};
		19450D2B1DB9C39E00A1C4CC /* Build configuration list for PBXNativeTarget "sampleOmikuji" */ = {
			isa = XCConfigurationList;
			buildConfigurations = (
				19450D2C1DB9C39E00A1C4CC /* Debug */,
				19450D2D1DB9C39E00A1C4CC /* Release */,
			);
			defaultConfigurationIsVisible = 0;
		};
		19450D2E1DB9C39E00A1C4CC /* Build configuration list for PBXNativeTarget "sampleOmikujiTests" */ = {
			isa = XCConfigurationList;
			buildConfigurations = (
				19450D2F1DB9C39E00A1C4CC /* Debug */,
				19450D301DB9C39E00A1C4CC /* Release */,
			);
			defaultConfigurationIsVisible = 0;
		};
		19450D311DB9C39E00A1C4CC /* Build configuration list for PBXNativeTarget "sampleOmikujiUITests" */ = {
			isa = XCConfigurationList;
			buildConfigurations = (
				19450D321DB9C39E00A1C4CC /* Debug */,
				19450D331DB9C39E00A1C4CC /* Release */,
			);
			defaultConfigurationIsVisible = 0;
		};
/* End XCConfigurationList section */
	};
	rootObject = 19450CFB1DB9C39E00A1C4CC /* Project object */;
}
